
Microsoft Visual Studio Solution File, Format Version 12.00
# Visual Studio Version 16
VisualStudioVersion = 16.0.30225.117
MinimumVisualStudioVersion = 10.0.40219.1
Project("{FAE04EC0-301F-11D3-BF4B-00C04F79EFBC}") = "Deducciones Salariales", "Deducciones Salariales\Deducciones Salariales.csproj", "{6600F8CF-C1AB-4FBF-BA6D-185DE9ABAB83}"
EndProject
Global
	GlobalSection(SolutionConfigurationPlatforms) = preSolution
		Debug|Any CPU = Debug|Any CPU
		Release|Any CPU = Release|Any CPU
	EndGlobalSection
	GlobalSection(ProjectConfigurationPlatforms) = postSolution
		{6600F8CF-C1AB-4FBF-BA6D-185DE9ABAB83}.Debug|Any CPU.ActiveCfg = Debug|Any CPU
		{6600F8CF-C1AB-4FBF-BA6D-185DE9ABAB83}.Debug|Any CPU.Build.0 = Debug|Any CPU
		{6600F8CF-C1AB-4FBF-BA6D-185DE9ABAB83}.Release|Any CPU.ActiveCfg = Release|Any CPU
		{6600F8CF-C1AB-4FBF-BA6D-185DE9ABAB83}.Release|Any CPU.Build.0 = Release|Any CPU
	EndGlobalSection
	GlobalSection(SolutionProperties) = preSolution
		HideSolutionNode = FALSE
	EndGlobalSection
	GlobalSection(ExtensibilityGlobals) = postSolution
		SolutionGuid = {8076F6FE-0B0B-4BC8-A105-A34C1C62C1BA}
	EndGlobalSection
EndGlobal
