
Microsoft Visual Studio Solution File, Format Version 12.00
# Visual Studio Version 16
VisualStudioVersion = 16.0.30225.117
MinimumVisualStudioVersion = 10.0.40219.1
Project("{FAE04EC0-301F-11D3-BF4B-00C04F79EFBC}") = "IMC", "IMC\IMC.csproj", "{9C037FAF-EEB0-428B-8F2D-97296C77563C}"
EndProject
Global
	GlobalSection(SolutionConfigurationPlatforms) = preSolution
		Debug|Any CPU = Debug|Any CPU
		Release|Any CPU = Release|Any CPU
	EndGlobalSection
	GlobalSection(ProjectConfigurationPlatforms) = postSolution
		{9C037FAF-EEB0-428B-8F2D-97296C77563C}.Debug|Any CPU.ActiveCfg = Debug|Any CPU
		{9C037FAF-EEB0-428B-8F2D-97296C77563C}.Debug|Any CPU.Build.0 = Debug|Any CPU
		{9C037FAF-EEB0-428B-8F2D-97296C77563C}.Release|Any CPU.ActiveCfg = Release|Any CPU
		{9C037FAF-EEB0-428B-8F2D-97296C77563C}.Release|Any CPU.Build.0 = Release|Any CPU
	EndGlobalSection
	GlobalSection(SolutionProperties) = preSolution
		HideSolutionNode = FALSE
	EndGlobalSection
	GlobalSection(ExtensibilityGlobals) = postSolution
		SolutionGuid = {E8BBEFCE-736B-416C-844A-20989AF53930}
	EndGlobalSection
EndGlobal
