
Microsoft Visual Studio Solution File, Format Version 12.00
# Visual Studio Version 16
VisualStudioVersion = 16.0.30225.117
MinimumVisualStudioVersion = 10.0.40219.1
Project("{FAE04EC0-301F-11D3-BF4B-00C04F79EFBC}") = "tarea2 Triangulos 1", "tarea2 Triangulos 1\tarea2 Triangulos 1.csproj", "{72E81D7C-FF45-4EE4-8A3C-300B250ABB9F}"
EndProject
Global
	GlobalSection(SolutionConfigurationPlatforms) = preSolution
		Debug|Any CPU = Debug|Any CPU
		Release|Any CPU = Release|Any CPU
	EndGlobalSection
	GlobalSection(ProjectConfigurationPlatforms) = postSolution
		{72E81D7C-FF45-4EE4-8A3C-300B250ABB9F}.Debug|Any CPU.ActiveCfg = Debug|Any CPU
		{72E81D7C-FF45-4EE4-8A3C-300B250ABB9F}.Debug|Any CPU.Build.0 = Debug|Any CPU
		{72E81D7C-FF45-4EE4-8A3C-300B250ABB9F}.Release|Any CPU.ActiveCfg = Release|Any CPU
		{72E81D7C-FF45-4EE4-8A3C-300B250ABB9F}.Release|Any CPU.Build.0 = Release|Any CPU
	EndGlobalSection
	GlobalSection(SolutionProperties) = preSolution
		HideSolutionNode = FALSE
	EndGlobalSection
	GlobalSection(ExtensibilityGlobals) = postSolution
		SolutionGuid = {B509921E-8E2E-47B9-8013-2832C9B48FA8}
	EndGlobalSection
EndGlobal
